{
  "originHash" : "869c04e4de5c59d3c7c00851dffa2bfde39aa29dc5be3cbbb759ad950fffd706",
  "pins" : [
    {
      "identity" : "mqtt-nio",
      "kind" : "remoteSourceControl",
      "location" : "https://github.com/swift-server-community/mqtt-nio.git",
      "state" : {
        "revision" : "ca8af7a30c4690456ce7de276cd0f037489ba707",
        "version" : "2.5.3"
      }
    },
    {
      "identity" : "swift-async-algorithms",
      "kind" : "remoteSourceControl",
      "location" : "https://github.com/apple/swift-async-algorithms.git",
      "state" : {
        "revision" : "5c8bd186f48c16af0775972700626f0b74588278",
        "version" : "1.0.2"
      }
    },
    {
      "identity" : "swift-collections",
      "kind" : "remoteSourceControl",
      "location" : "https://github.com/apple/swift-collections.git",
      "state" : {
        "revision" : "671108c96644956dddcd89dd59c203dcdb36cec7",
        "version" : "1.1.4"
      }
    },
    {
      "identity" : "swift-log",
      "kind" : "remoteSourceControl",
      "location" : "https://github.com/apple/swift-log.git",
      "state" : {
        "revision" : "9cb486020ebf03bfa5b5df985387a14a98744537",
        "version" : "1.6.1"
      }
    },
    {
      "identity" : "swift-nio",
      "kind" : "remoteSourceControl",
      "location" : "https://github.com/apple/swift-nio",
      "state" : {
        "revision" : "6aa9347d9bc5bbfe6a84983aec955c17ffea96ef",
        "version" : "2.33.0"
      }
    },
    {
      "identity" : "swift-nio-ssl",
      "kind" : "remoteSourceControl",
      "location" : "https://github.com/apple/swift-nio-ssl.git",
      "state" : {
        "revision" : "b5260a31c2a72a89fa684f5efb3054d8725a2316",
        "version" : "2.18.0"
      }
    },
    {
      "identity" : "swift-nio-transport-services",
      "kind" : "remoteSourceControl",
      "location" : "https://github.com/apple/swift-nio-transport-services.git",
      "state" : {
        "revision" : "8ab824b140d0ebcd87e9149266ddc353e3705a3e",
        "version" : "1.11.4"
      }
    },
    {
      "identity" : "swift-psychrometrics",
      "kind" : "remoteSourceControl",
      "location" : "https://github.com/swift-psychrometrics/swift-psychrometrics",
      "state" : {
        "revision" : "03573545c3750b406921eb22a9575c8062beef88",
        "version" : "0.1.2"
      }
    },
    {
      "identity" : "swift-service-lifecycle",
      "kind" : "remoteSourceControl",
      "location" : "https://github.com/swift-server/swift-service-lifecycle.git",
      "state" : {
        "revision" : "f70b838872863396a25694d8b19fe58bcd0b7903",
        "version" : "2.6.2"
      }
    }
  ],
  "version" : 3
}
